Microsoft Visual Studio Solution File, Format Version 12.00
# Visual Studio Version 17
VisualStudioVersion = 17.12.35527.113
MinimumVisualStudioVersion = 10.0.40219.1
Project("{FAE04EC0-301F-11D3-BF4B-00C04F79EFBC}") = "AppTemp.AppHost", "AppTemp.AppHost\AppTemp.AppHost.csproj", "{E31300B8-F97E-4108-BB48-0E657246D76D}"
EndProject
Project("{FAE04EC0-301F-11D3-BF4B-00C04F79EFBC}") = "AppTemp.ServiceDefaults", "AppTemp.ServiceDefaults\AppTemp.ServiceDefaults.csproj", "{CFE353C5-42CB-491E-A448-98AC24723305}"
EndProject
Project("{FAE04EC0-301F-11D3-BF4B-00C04F79EFBC}") = "AppTemp.ApiService", "AppTemp.ApiService\AppTemp.ApiService.csproj", "{115FD81F-8ED7-4CBA-93CC-DA3070F2A3B4}"
EndProject
Project("{FAE04EC0-301F-11D3-BF4B-00C04F79EFBC}") = "AppTemp.Web", "AppTemp.Web\AppTemp.Web.csproj", "{7530FE9A-EBB1-41A3-BAD8-48F8488A4022}"
EndProject
Project("{2150E333-8FDC-42A3-9474-1A3956D46DE8}") = "Host", "Host", "{7A67CA87-B4E3-4565-BE1B-39D01AB394A2}"
EndProject
Project("{2150E333-8FDC-42A3-9474-1A3956D46DE8}") = "Common", "Common", "{DBE3B3EE-16D5-4E62-9F4E-C496A8DDC8B1}"
EndProject
Project("{2150E333-8FDC-42A3-9474-1A3956D46DE8}") = "Modules", "Modules", "{DA991636-E3C6-4241-B927-BB7979050EAA}"
EndProject
Project("{FAE04EC0-301F-11D3-BF4B-00C04F79EFBC}") = "AppTemp.Core", "AppTemp.Core\AppTemp.Core.csproj", "{CAA442C7-C6FE-4490-BE93-F6FEFD225D23}"
EndProject
Project("{FAE04EC0-301F-11D3-BF4B-00C04F79EFBC}") = "AppTemp.Infrastructure", "AppTemp.Infrastructure\AppTemp.Infrastructure.csproj", "{EC44C1F8-537D-4941-84CA-308D4CA4164C}"
EndProject
Project("{2150E333-8FDC-42A3-9474-1A3956D46DE8}") = "Migrations", "Migrations", "{378C1B4D-A168-4DEA-99C8-1CC5B252A391}"
EndProject
Project("{FAE04EC0-301F-11D3-BF4B-00C04F79EFBC}") = "AppTemp.MSSQL", "AppTemp.MSSQL\AppTemp.MSSQL.csproj", "{72DED960-4F8C-4A59-8206-C27E0845E3E5}"
EndProject
Project("{2150E333-8FDC-42A3-9474-1A3956D46DE8}") = "Catalog", "Catalog", "{5642AFC2-A5D2-43C6-BC97-0330F8159573}"
EndProject
Project("{FAE04EC0-301F-11D3-BF4B-00C04F79EFBC}") = "Catalog.Domain", "Modules\Catalog\Catalog.Domain\Catalog.Domain.csproj", "{42FA3CE8-0A8C-4F95-B6F8-5ECE7E154F4A}"
EndProject
Project("{FAE04EC0-301F-11D3-BF4B-00C04F79EFBC}") = "Catalog.Application", "Modules\Catalog\Catalog.Application\Catalog.Application.csproj", "{61F3D0FD-CDEC-4AA6-BD91-B29F7F6E202D}"
EndProject
Project("{FAE04EC0-301F-11D3-BF4B-00C04F79EFBC}") = "Catalog.Infrastructure", "Modules\Catalog\Catalog.Infrastructure\Catalog.Infrastructure.csproj", "{ADABB367-3591-4C62-B931-180256C9BFF4}"
EndProject
Global
	GlobalSection(SolutionConfigurationPlatforms) = preSolution
		Debug|Any CPU = Debug|Any CPU
		Release|Any CPU = Release|Any CPU
	EndGlobalSection
	GlobalSection(ProjectConfigurationPlatforms) = postSolution
		{E31300B8-F97E-4108-BB48-0E657246D76D}.Debug|Any CPU.ActiveCfg = Debug|Any CPU
		{E31300B8-F97E-4108-BB48-0E657246D76D}.Debug|Any CPU.Build.0 = Debug|Any CPU
		{E31300B8-F97E-4108-BB48-0E657246D76D}.Release|Any CPU.ActiveCfg = Release|Any CPU
		{E31300B8-F97E-4108-BB48-0E657246D76D}.Release|Any CPU.Build.0 = Release|Any CPU
		{CFE353C5-42CB-491E-A448-98AC24723305}.Debug|Any CPU.ActiveCfg = Debug|Any CPU
		{CFE353C5-42CB-491E-A448-98AC24723305}.Debug|Any CPU.Build.0 = Debug|Any CPU
		{CFE353C5-42CB-491E-A448-98AC24723305}.Release|Any CPU.ActiveCfg = Release|Any CPU
		{CFE353C5-42CB-491E-A448-98AC24723305}.Release|Any CPU.Build.0 = Release|Any CPU
		{115FD81F-8ED7-4CBA-93CC-DA3070F2A3B4}.Debug|Any CPU.ActiveCfg = Debug|Any CPU
		{115FD81F-8ED7-4CBA-93CC-DA3070F2A3B4}.Debug|Any CPU.Build.0 = Debug|Any CPU
		{115FD81F-8ED7-4CBA-93CC-DA3070F2A3B4}.Release|Any CPU.ActiveCfg = Release|Any CPU
		{115FD81F-8ED7-4CBA-93CC-DA3070F2A3B4}.Release|Any CPU.Build.0 = Release|Any CPU
		{7530FE9A-EBB1-41A3-BAD8-48F8488A4022}.Debug|Any CPU.ActiveCfg = Debug|Any CPU
		{7530FE9A-EBB1-41A3-BAD8-48F8488A4022}.Debug|Any CPU.Build.0 = Debug|Any CPU
		{7530FE9A-EBB1-41A3-BAD8-48F8488A4022}.Release|Any CPU.ActiveCfg = Release|Any CPU
		{7530FE9A-EBB1-41A3-BAD8-48F8488A4022}.Release|Any CPU.Build.0 = Release|Any CPU
		{CAA442C7-C6FE-4490-BE93-F6FEFD225D23}.Debug|Any CPU.ActiveCfg = Debug|Any CPU
		{CAA442C7-C6FE-4490-BE93-F6FEFD225D23}.Debug|Any CPU.Build.0 = Debug|Any CPU
		{CAA442C7-C6FE-4490-BE93-F6FEFD225D23}.Release|Any CPU.ActiveCfg = Release|Any CPU
		{CAA442C7-C6FE-4490-BE93-F6FEFD225D23}.Release|Any CPU.Build.0 = Release|Any CPU
		{EC44C1F8-537D-4941-84CA-308D4CA4164C}.Debug|Any CPU.ActiveCfg = Debug|Any CPU
		{EC44C1F8-537D-4941-84CA-308D4CA4164C}.Debug|Any CPU.Build.0 = Debug|Any CPU
		{EC44C1F8-537D-4941-84CA-308D4CA4164C}.Release|Any CPU.ActiveCfg = Release|Any CPU
		{EC44C1F8-537D-4941-84CA-308D4CA4164C}.Release|Any CPU.Build.0 = Release|Any CPU
		{72DED960-4F8C-4A59-8206-C27E0845E3E5}.Debug|Any CPU.ActiveCfg = Debug|Any CPU
		{72DED960-4F8C-4A59-8206-C27E0845E3E5}.Debug|Any CPU.Build.0 = Debug|Any CPU
		{72DED960-4F8C-4A59-8206-C27E0845E3E5}.Release|Any CPU.ActiveCfg = Release|Any CPU
		{72DED960-4F8C-4A59-8206-C27E0845E3E5}.Release|Any CPU.Build.0 = Release|Any CPU
		{42FA3CE8-0A8C-4F95-B6F8-5ECE7E154F4A}.Debug|Any CPU.ActiveCfg = Debug|Any CPU
		{42FA3CE8-0A8C-4F95-B6F8-5ECE7E154F4A}.Debug|Any CPU.Build.0 = Debug|Any CPU
		{42FA3CE8-0A8C-4F95-B6F8-5ECE7E154F4A}.Release|Any CPU.ActiveCfg = Release|Any CPU
		{42FA3CE8-0A8C-4F95-B6F8-5ECE7E154F4A}.Release|Any CPU.Build.0 = Release|Any CPU
		{61F3D0FD-CDEC-4AA6-BD91-B29F7F6E202D}.Debug|Any CPU.ActiveCfg = Debug|Any CPU
		{61F3D0FD-CDEC-4AA6-BD91-B29F7F6E202D}.Debug|Any CPU.Build.0 = Debug|Any CPU
		{61F3D0FD-CDEC-4AA6-BD91-B29F7F6E202D}.Release|Any CPU.ActiveCfg = Release|Any CPU
		{61F3D0FD-CDEC-4AA6-BD91-B29F7F6E202D}.Release|Any CPU.Build.0 = Release|Any CPU
		{ADABB367-3591-4C62-B931-180256C9BFF4}.Debug|Any CPU.ActiveCfg = Debug|Any CPU
		{ADABB367-3591-4C62-B931-180256C9BFF4}.Debug|Any CPU.Build.0 = Debug|Any CPU
		{ADABB367-3591-4C62-B931-180256C9BFF4}.Release|Any CPU.ActiveCfg = Release|Any CPU
		{ADABB367-3591-4C62-B931-180256C9BFF4}.Release|Any CPU.Build.0 = Release|Any CPU
	EndGlobalSection
	GlobalSection(SolutionProperties) = preSolution
		HideSolutionNode = FALSE
	EndGlobalSection
	GlobalSection(NestedProjects) = preSolution
		{E31300B8-F97E-4108-BB48-0E657246D76D} = {7A67CA87-B4E3-4565-BE1B-39D01AB394A2}
		{CFE353C5-42CB-491E-A448-98AC24723305} = {7A67CA87-B4E3-4565-BE1B-39D01AB394A2}
		{115FD81F-8ED7-4CBA-93CC-DA3070F2A3B4} = {7A67CA87-B4E3-4565-BE1B-39D01AB394A2}
		{7530FE9A-EBB1-41A3-BAD8-48F8488A4022} = {7A67CA87-B4E3-4565-BE1B-39D01AB394A2}
		{CAA442C7-C6FE-4490-BE93-F6FEFD225D23} = {DBE3B3EE-16D5-4E62-9F4E-C496A8DDC8B1}
		{EC44C1F8-537D-4941-84CA-308D4CA4164C} = {DBE3B3EE-16D5-4E62-9F4E-C496A8DDC8B1}
		{378C1B4D-A168-4DEA-99C8-1CC5B252A391} = {DBE3B3EE-16D5-4E62-9F4E-C496A8DDC8B1}
		{72DED960-4F8C-4A59-8206-C27E0845E3E5} = {378C1B4D-A168-4DEA-99C8-1CC5B252A391}
		{5642AFC2-A5D2-43C6-BC97-0330F8159573} = {DA991636-E3C6-4241-B927-BB7979050EAA}
		{42FA3CE8-0A8C-4F95-B6F8-5ECE7E154F4A} = {5642AFC2-A5D2-43C6-BC97-0330F8159573}
		{61F3D0FD-CDEC-4AA6-BD91-B29F7F6E202D} = {5642AFC2-A5D2-43C6-BC97-0330F8159573}
		{ADABB367-3591-4C62-B931-180256C9BFF4} = {5642AFC2-A5D2-43C6-BC97-0330F8159573}
	EndGlobalSection
EndGlobal
